<?xml version="1.0" encoding="utf-8"?>
<Project ToolsVersion="17.0" xmlns="http://schemas.microsoft.com/developer/msbuild/2003">
  <ItemGroup>
    <ClCompile Include="C:\Users\jingy\source\repos\StrikeSense\src\app\StrikeSense.cpp">
      <Filter>Source Files</Filter>
    </ClCompile>
    <ClCompile Include="C:\Users\jingy\source\repos\StrikeSense\src\app\console.cpp">
      <Filter>Source Files</Filter>
    </ClCompile>
    <ClCompile Include="C:\Users\jingy\source\repos\StrikeSense\src\app\sidebar.cpp">
      <Filter>Source Files</Filter>
    </ClCompile>
    <ClCompile Include="C:\Users\jingy\source\repos\StrikeSense\src\app\ui_common.cpp">
      <Filter>Source Files</Filter>
    </ClCompile>
    <ClCompile Include="C:\Users\jingy\source\repos\StrikeSense\src\core\antistupid.cpp">
      <Filter>Source Files</Filter>
    </ClCompile>
    <ClCompile Include="C:\Users\jingy\source\repos\StrikeSense\src\core\config.cpp">
      <Filter>Source Files</Filter>
    </ClCompile>
    <ClCompile Include="C:\Users\jingy\source\repos\StrikeSense\src\core\flashoverlay.cpp">
      <Filter>Source Files</Filter>
    </ClCompile>
    <ClCompile Include="C:\Users\jingy\source\repos\StrikeSense\src\core\gsi_server.cpp">
      <Filter>Source Files</Filter>
    </ClCompile>
    <ClCompile Include="C:\Users\jingy\source\repos\StrikeSense\src\core\hotkey.cpp">
      <Filter>Source Files</Filter>
    </ClCompile>
    <ClCompile Include="C:\Users\jingy\source\repos\StrikeSense\src\core\i18n.cpp">
      <Filter>Source Files</Filter>
    </ClCompile>
    <ClCompile Include="C:\Users\jingy\source\repos\StrikeSense\src\core\itemhelper_overlay.cpp">
      <Filter>Source Files</Filter>
    </ClCompile>
    <ClCompile Include="C:\Users\jingy\source\repos\StrikeSense\src\core\kernelcore.cpp">
      <Filter>Source Files</Filter>
    </ClCompile>
    <ClCompile Include="C:\Users\jingy\source\repos\StrikeSense\src\core\normalgen.cpp">
      <Filter>Source Files</Filter>
    </ClCompile>
    <ClCompile Include="C:\Users\jingy\source\repos\StrikeSense\src\core\quickstop.cpp">
      <Filter>Source Files</Filter>
    </ClCompile>
    <ClCompile Include="C:\Users\jingy\source\repos\StrikeSense\src\core\sound_player.cpp">
      <Filter>Source Files</Filter>
    </ClCompile>
    <ClCompile Include="C:\Users\jingy\source\repos\StrikeSense\src\core\steam_accounts.cpp">
      <Filter>Source Files</Filter>
    </ClCompile>
    <ClCompile Include="C:\Users\jingy\source\repos\StrikeSense\src\core\steam_helper.cpp">
      <Filter>Source Files</Filter>
    </ClCompile>
    <ClCompile Include="C:\Users\jingy\source\repos\StrikeSense\src\core\volume_mixer.cpp">
      <Filter>Source Files</Filter>
    </ClCompile>
    <ClCompile Include="C:\Users\jingy\source\repos\StrikeSense\src\ui\Rage_page.cpp">
      <Filter>Source Files</Filter>
    </ClCompile>
    <ClCompile Include="C:\Users\jingy\source\repos\StrikeSense\src\ui\evolution_page.cpp">
      <Filter>Source Files</Filter>
    </ClCompile>
    <ClCompile Include="C:\Users\jingy\source\repos\StrikeSense\src\ui\itemhelper_page.cpp">
      <Filter>Source Files</Filter>
    </ClCompile>
    <ClCompile Include="C:\Users\jingy\source\repos\StrikeSense\src\ui\legalcfg_page.cpp">
      <Filter>Source Files</Filter>
    </ClCompile>
    <ClCompile Include="C:\Users\jingy\source\repos\StrikeSense\src\ui\settings_page.cpp">
      <Filter>Source Files</Filter>
    </ClCompile>
    <ClCompile Include="C:\Users\jingy\source\repos\StrikeSense\src\ui\sounds_page.cpp">
      <Filter>Source Files</Filter>
    </ClCompile>
    <ClCompile Include="C:\Users\jingy\source\repos\StrikeSense\src\ui\sound_ui.cpp">
      <Filter>Source Files</Filter>
    </ClCompile>
    <ClCompile Include="C:\Users\jingy\source\repos\StrikeSense\src\ui\vscript_page.cpp">
      <Filter>Source Files</Filter>
    </ClCompile>
    <ClCompile Include="C:\Users\jingy\source\repos\StrikeSense\src\vscript\vscript.cpp">
      <Filter>Source Files</Filter>
    </ClCompile>
    <ClCompile Include="C:\Users\jingy\source\repos\StrikeSense\src\vscript\vscript_eval.cpp">
      <Filter>Source Files</Filter>
    </ClCompile>
    <ClCompile Include="C:\Users\jingy\source\repos\StrikeSense\src\vscript\vscript_runtime.cpp">
      <Filter>Source Files</Filter>
    </ClCompile>
    <ClCompile Include="C:\Users\jingy\source\repos\StrikeSense\src\vscript\vscript_steam.cpp">
      <Filter>Source Files</Filter>
    </ClCompile>
  </ItemGroup>
  <ItemGroup>
    <ClInclude Include="C:\Users\jingy\source\repos\StrikeSense\include\app\StrikeSense.h">
      <Filter>Header Files</Filter>
    </ClInclude>
    <ClInclude Include="C:\Users\jingy\source\repos\StrikeSense\include\app\console.h">
      <Filter>Header Files</Filter>
    </ClInclude>
    <ClInclude Include="C:\Users\jingy\source\repos\StrikeSense\include\core\antistupid.h">
      <Filter>Header Files</Filter>
    </ClInclude>
    <ClInclude Include="C:\Users\jingy\source\repos\StrikeSense\include\core\config.h">
      <Filter>Header Files</Filter>
    </ClInclude>
    <ClInclude Include="C:\Users\jingy\source\repos\StrikeSense\include\core\flashoverlay.h">
      <Filter>Header Files</Filter>
    </ClInclude>
    <ClInclude Include="C:\Users\jingy\source\repos\StrikeSense\include\core\gsi_server.h">
      <Filter>Header Files</Filter>
    </ClInclude>
    <ClInclude Include="C:\Users\jingy\source\repos\StrikeSense\include\core\hotkey.h">
      <Filter>Header Files</Filter>
    </ClInclude>
    <ClInclude Include="C:\Users\jingy\source\repos\StrikeSense\include\core\i18n.h">
      <Filter>Header Files</Filter>
    </ClInclude>
    <ClInclude Include="C:\Users\jingy\source\repos\StrikeSense\include\core\itemhelper_overlay.h">
      <Filter>Header Files</Filter>
    </ClInclude>
    <ClInclude Include="C:\Users\jingy\source\repos\StrikeSense\include\core\kernelcore.h">
      <Filter>Header Files</Filter>
    </ClInclude>
    <ClInclude Include="C:\Users\jingy\source\repos\StrikeSense\include\core\normalgen.h">
      <Filter>Header Files</Filter>
    </ClInclude>
    <ClInclude Include="C:\Users\jingy\source\repos\StrikeSense\include\core\quickstop.h">
      <Filter>Header Files</Filter>
    </ClInclude>
    <ClInclude Include="C:\Users\jingy\source\repos\StrikeSense\include\core\sound_player.h">
      <Filter>Header Files</Filter>
    </ClInclude>
    <ClInclude Include="C:\Users\jingy\source\repos\StrikeSense\include\core\steam_accounts.h">
      <Filter>Header Files</Filter>
    </ClInclude>
    <ClInclude Include="C:\Users\jingy\source\repos\StrikeSense\include\core\steam_helper.h">
      <Filter>Header Files</Filter>
    </ClInclude>
    <ClInclude Include="C:\Users\jingy\source\repos\StrikeSense\include\core\volume_mixer.h">
      <Filter>Header Files</Filter>
    </ClInclude>
    <ClInclude Include="C:\Users\jingy\source\repos\StrikeSense\include\ui\itemhelper_page.h">
      <Filter>Header Files</Filter>
    </ClInclude>
    <ClInclude Include="C:\Users\jingy\source\repos\StrikeSense\include\ui\sound_ui.h">
      <Filter>Header Files</Filter>
    </ClInclude>
    <ClInclude Include="C:\Users\jingy\source\repos\StrikeSense\include\vscript\vscript.h">
      <Filter>Header Files</Filter>
    </ClInclude>
    <ClInclude Include="C:\Users\jingy\source\repos\StrikeSense\pages.h">
      <Filter>Header Files</Filter>
    </ClInclude>
    <ClInclude Include="C:\Users\jingy\source\repos\StrikeSense\framework.h">
      <Filter>Header Files</Filter>
    </ClInclude>
    <ClInclude Include="C:\Users\jingy\source\repos\StrikeSense\targetver.h">
      <Filter>Header Files</Filter>
    </ClInclude>
    <ClInclude Include="C:\Users\jingy\source\repos\StrikeSense\Resource.h">
      <Filter>Header Files</Filter>
    </ClInclude>
    <ClInclude Include="C:\Users\jingy\source\repos\StrikeSense\SteamHelper.h">
      <Filter>Header Files</Filter>
    </ClInclude>
  </ItemGroup>
  <ItemGroup>
    <CustomBuild Include="C:\Users\jingy\source\repos\StrikeSense\CMakeLists.txt" />
  </ItemGroup>
  <ItemGroup>
    <Natvis Include="C:\Users\jingy\vcpkg\installed\x64-windows-static\share\nlohmann_json\nlohmann_json.natvis" />
  </ItemGroup>
  <ItemGroup>
    <ResourceCompile Include="C:\Users\jingy\source\repos\StrikeSense\StrikeSense.rc">
      <Filter>Source Files</Filter>
    </ResourceCompile>
  </ItemGroup>
  <ItemGroup>
    <Filter Include="Header Files">
      <UniqueIdentifier>{1C383245-8EAE-33E3-A4D8-FEEE01EA7E94}</UniqueIdentifier>
    </Filter>
    <Filter Include="Source Files">
      <UniqueIdentifier>{6B758FE3-E251-37EA-9441-AB0588C72D55}</UniqueIdentifier>
    </Filter>
  </ItemGroup>
</Project>
