
Microsoft Visual Studio Solution File, Format Version 12.00
# Visual Studio Version 17
Project("{8BC9CEB8-8B4A-11D0-8D11-00A0C91BC942}") = "ALL_BUILD", "ALL_BUILD.vcxproj", "{A1B98A06-B3CB-377B-A4CA-8DC828A0F288}"
	ProjectSection(ProjectDependencies) = postProject
		{072DA5B1-22D1-3FEB-821C-DED846B75D00} = {072DA5B1-22D1-3FEB-821C-DED846B75D00}
		{77B3F8F1-9428-3B53-8616-F708F840348A} = {77B3F8F1-9428-3B53-8616-F708F840348A}
	EndProjectSection
EndProject
Project("{8BC9CEB8-8B4A-11D0-8D11-00A0C91BC942}") = "INSTALL", "INSTALL.vcxproj", "{C5B69C21-6678-37A3-BC4C-73AE7AFCEC27}"
	ProjectSection(ProjectDependencies) = postProject
		{A1B98A06-B3CB-377B-A4CA-8DC828A0F288} = {A1B98A06-B3CB-377B-A4CA-8DC828A0F288}
		{77B3F8F1-9428-3B53-8616-F708F840348A} = {77B3F8F1-9428-3B53-8616-F708F840348A}
	EndProjectSection
EndProject
Project("{8BC9CEB8-8B4A-11D0-8D11-00A0C91BC942}") = "StrikeSense", "StrikeSense.vcxproj", "{072DA5B1-22D1-3FEB-821C-DED846B75D00}"
	ProjectSection(ProjectDependencies) = postProject
		{77B3F8F1-9428-3B53-8616-F708F840348A} = {77B3F8F1-9428-3B53-8616-F708F840348A}
	EndProjectSection
EndProject
Project("{8BC9CEB8-8B4A-11D0-8D11-00A0C91BC942}") = "ZERO_CHECK", "ZERO_CHECK.vcxproj", "{77B3F8F1-9428-3B53-8616-F708F840348A}"
	ProjectSection(ProjectDependencies) = postProject
	EndProjectSection
EndProject
Global
	GlobalSection(SolutionConfigurationPlatforms) = preSolution
		Debug|x64 = Debug|x64
		Release|x64 = Release|x64
		Nightly|x64 = Nightly|x64
	EndGlobalSection
	GlobalSection(ProjectConfigurationPlatforms) = postSolution
		{A1B98A06-B3CB-377B-A4CA-8DC828A0F288}.Debug|x64.ActiveCfg = Debug|x64
		{A1B98A06-B3CB-377B-A4CA-8DC828A0F288}.Debug|x64.Build.0 = Debug|x64
		{A1B98A06-B3CB-377B-A4CA-8DC828A0F288}.Release|x64.ActiveCfg = Release|x64
		{A1B98A06-B3CB-377B-A4CA-8DC828A0F288}.Release|x64.Build.0 = Release|x64
		{A1B98A06-B3CB-377B-A4CA-8DC828A0F288}.Nightly|x64.ActiveCfg = Nightly|x64
		{A1B98A06-B3CB-377B-A4CA-8DC828A0F288}.Nightly|x64.Build.0 = Nightly|x64
		{C5B69C21-6678-37A3-BC4C-73AE7AFCEC27}.Debug|x64.ActiveCfg = Debug|x64
		{C5B69C21-6678-37A3-BC4C-73AE7AFCEC27}.Release|x64.ActiveCfg = Release|x64
		{C5B69C21-6678-37A3-BC4C-73AE7AFCEC27}.Nightly|x64.ActiveCfg = Nightly|x64
		{072DA5B1-22D1-3FEB-821C-DED846B75D00}.Debug|x64.ActiveCfg = Debug|x64
		{072DA5B1-22D1-3FEB-821C-DED846B75D00}.Debug|x64.Build.0 = Debug|x64
		{072DA5B1-22D1-3FEB-821C-DED846B75D00}.Release|x64.ActiveCfg = Release|x64
		{072DA5B1-22D1-3FEB-821C-DED846B75D00}.Release|x64.Build.0 = Release|x64
		{072DA5B1-22D1-3FEB-821C-DED846B75D00}.Nightly|x64.ActiveCfg = Nightly|x64
		{072DA5B1-22D1-3FEB-821C-DED846B75D00}.Nightly|x64.Build.0 = Nightly|x64
		{77B3F8F1-9428-3B53-8616-F708F840348A}.Debug|x64.ActiveCfg = Debug|x64
		{77B3F8F1-9428-3B53-8616-F708F840348A}.Debug|x64.Build.0 = Debug|x64
		{77B3F8F1-9428-3B53-8616-F708F840348A}.Release|x64.ActiveCfg = Release|x64
		{77B3F8F1-9428-3B53-8616-F708F840348A}.Release|x64.Build.0 = Release|x64
		{77B3F8F1-9428-3B53-8616-F708F840348A}.Nightly|x64.ActiveCfg = Nightly|x64
		{77B3F8F1-9428-3B53-8616-F708F840348A}.Nightly|x64.Build.0 = Nightly|x64
	EndGlobalSection
	GlobalSection(ExtensibilityGlobals) = postSolution
		SolutionGuid = {2AF4F6FE-AEF7-3FB4-815A-9D80E89C071E}
	EndGlobalSection
	GlobalSection(ExtensibilityAddIns) = postSolution
	EndGlobalSection
EndGlobal
